{
  "name": "com.nanalive.streamdeck",
  "version": "0.1.0",
  "lockfileVersion": 3,
  "requires": true,
  "packages": {
    "": {
      "name": "com.nanalive.streamdeck",
      "version": "0.1.0",
      "dependencies": {
        "@nanalive/sdk": "file:../../../SDK/js"
      },
      "engines": {
        "node": ">=20"
      }
    },
    "../../../SDK/js": {
      "name": "@nanalive/sdk",
      "version": "0.1.0",
      "license": "MIT",
      "engines": {
        "node": ">=20"
      }
    },
    "node_modules/@nanalive/sdk": {
      "resolved": "../../../SDK/js",
      "link": true
    }
  }
}
